
Microsoft Visual Studio Solution File, Format Version 12.00
# Visual Studio Version 16
VisualStudioVersion = 16.0.30907.101
MinimumVisualStudioVersion = 10.0.40219.1
Project("{FAE04EC0-301F-11D3-BF4B-00C04F79EFBC}") = "Obfuscation", "Obfuscation\Obfuscation.csproj", "{9FC583D3-ED30-4F7E-BDE8-A438965B0E96}"
EndProject
Project("{FAE04EC0-301F-11D3-BF4B-00C04F79EFBC}") = "Obfuscation.Library", "Obfuscation.Library\Obfuscation.Library.csproj", "{C4B87337-F307-43E1-BD34-2B2C506D50C0}"
EndProject
Project("{2150E333-8FDC-42A3-9474-1A3956D46DE8}") = "NewFolder1", "NewFolder1", "{41C7628E-39FA-4672-AD2F-A8F9C64F835E}"
	ProjectSection(SolutionItems) = preProject
		.gitignore = .gitignore
		azure-pipeline.yml = azure-pipeline.yml
		Directory.Build.props = Directory.Build.props
		nuget.config = nuget.config
		readme.md = readme.md
	EndProjectSection
EndProject
Project("{FAE04EC0-301F-11D3-BF4B-00C04F79EFBC}") = "Obfuscation.Tests", "Obfuscation.Tests\Obfuscation.Tests.csproj", "{D9A3A438-7BDD-4211-A73D-FD774D9CA515}"
EndProject
Global
	GlobalSection(SolutionConfigurationPlatforms) = preSolution
		Debug|Any CPU = Debug|Any CPU
		Release|Any CPU = Release|Any CPU
	EndGlobalSection
	GlobalSection(ProjectConfigurationPlatforms) = postSolution
		{9FC583D3-ED30-4F7E-BDE8-A438965B0E96}.Debug|Any CPU.ActiveCfg = Debug|Any CPU
		{9FC583D3-ED30-4F7E-BDE8-A438965B0E96}.Debug|Any CPU.Build.0 = Debug|Any CPU
		{9FC583D3-ED30-4F7E-BDE8-A438965B0E96}.Release|Any CPU.ActiveCfg = Release|Any CPU
		{9FC583D3-ED30-4F7E-BDE8-A438965B0E96}.Release|Any CPU.Build.0 = Release|Any CPU
		{C4B87337-F307-43E1-BD34-2B2C506D50C0}.Debug|Any CPU.ActiveCfg = Debug|Any CPU
		{C4B87337-F307-43E1-BD34-2B2C506D50C0}.Debug|Any CPU.Build.0 = Debug|Any CPU
		{C4B87337-F307-43E1-BD34-2B2C506D50C0}.Release|Any CPU.ActiveCfg = Release|Any CPU
		{C4B87337-F307-43E1-BD34-2B2C506D50C0}.Release|Any CPU.Build.0 = Release|Any CPU
		{D9A3A438-7BDD-4211-A73D-FD774D9CA515}.Debug|Any CPU.ActiveCfg = Debug|Any CPU
		{D9A3A438-7BDD-4211-A73D-FD774D9CA515}.Debug|Any CPU.Build.0 = Debug|Any CPU
		{D9A3A438-7BDD-4211-A73D-FD774D9CA515}.Release|Any CPU.ActiveCfg = Release|Any CPU
		{D9A3A438-7BDD-4211-A73D-FD774D9CA515}.Release|Any CPU.Build.0 = Release|Any CPU
	EndGlobalSection
	GlobalSection(SolutionProperties) = preSolution
		HideSolutionNode = FALSE
	EndGlobalSection
	GlobalSection(ExtensibilityGlobals) = postSolution
		SolutionGuid = {44B67B55-FF53-4714-9E3B-4950CA8A49B5}
	EndGlobalSection
EndGlobal
